
Microsoft Visual Studio Solution File, Format Version 12.00
# Visual Studio Version 16
VisualStudioVersion = 16.0.31025.194
MinimumVisualStudioVersion = 10.0.40219.1
Project("{9A19103F-16F7-4668-BE54-9A1E7A4F7556}") = "Helpdesk", "Helpdesk\Helpdesk.csproj", "{0945EF1A-EC64-43B6-968F-84D4B20D564C}"
EndProject
Project("{FAE04EC0-301F-11D3-BF4B-00C04F79EFBC}") = "Data", "Data\Data.csproj", "{C45C4982-F257-4A76-A44F-77E52A16D421}"
EndProject
Project("{FAE04EC0-301F-11D3-BF4B-00C04F79EFBC}") = "Models", "Models\Models.csproj", "{95B8AEA6-63F2-4115-913C-3FF5F409AD0F}"
EndProject
Project("{FAE04EC0-301F-11D3-BF4B-00C04F79EFBC}") = "Services", "Services\Services.csproj", "{D5E6136E-9CD6-400D-AB45-1FF4C0B193F0}"
EndProject
Project("{FAE04EC0-301F-11D3-BF4B-00C04F79EFBC}") = "Contracts", "Contracts\Contracts.csproj", "{154872CB-8FA0-47E0-A35B-EDA2429BC4BC}"
EndProject
Global
	GlobalSection(SolutionConfigurationPlatforms) = preSolution
		Debug|Any CPU = Debug|Any CPU
		Release|Any CPU = Release|Any CPU
	EndGlobalSection
	GlobalSection(ProjectConfigurationPlatforms) = postSolution
		{0945EF1A-EC64-43B6-968F-84D4B20D564C}.Debug|Any CPU.ActiveCfg = Debug|Any CPU
		{0945EF1A-EC64-43B6-968F-84D4B20D564C}.Debug|Any CPU.Build.0 = Debug|Any CPU
		{0945EF1A-EC64-43B6-968F-84D4B20D564C}.Release|Any CPU.ActiveCfg = Release|Any CPU
		{0945EF1A-EC64-43B6-968F-84D4B20D564C}.Release|Any CPU.Build.0 = Release|Any CPU
		{C45C4982-F257-4A76-A44F-77E52A16D421}.Debug|Any CPU.ActiveCfg = Debug|Any CPU
		{C45C4982-F257-4A76-A44F-77E52A16D421}.Debug|Any CPU.Build.0 = Debug|Any CPU
		{C45C4982-F257-4A76-A44F-77E52A16D421}.Release|Any CPU.ActiveCfg = Release|Any CPU
		{C45C4982-F257-4A76-A44F-77E52A16D421}.Release|Any CPU.Build.0 = Release|Any CPU
		{95B8AEA6-63F2-4115-913C-3FF5F409AD0F}.Debug|Any CPU.ActiveCfg = Debug|Any CPU
		{95B8AEA6-63F2-4115-913C-3FF5F409AD0F}.Debug|Any CPU.Build.0 = Debug|Any CPU
		{95B8AEA6-63F2-4115-913C-3FF5F409AD0F}.Release|Any CPU.ActiveCfg = Release|Any CPU
		{95B8AEA6-63F2-4115-913C-3FF5F409AD0F}.Release|Any CPU.Build.0 = Release|Any CPU
		{D5E6136E-9CD6-400D-AB45-1FF4C0B193F0}.Debug|Any CPU.ActiveCfg = Debug|Any CPU
		{D5E6136E-9CD6-400D-AB45-1FF4C0B193F0}.Debug|Any CPU.Build.0 = Debug|Any CPU
		{D5E6136E-9CD6-400D-AB45-1FF4C0B193F0}.Release|Any CPU.ActiveCfg = Release|Any CPU
		{D5E6136E-9CD6-400D-AB45-1FF4C0B193F0}.Release|Any CPU.Build.0 = Release|Any CPU
		{154872CB-8FA0-47E0-A35B-EDA2429BC4BC}.Debug|Any CPU.ActiveCfg = Debug|Any CPU
		{154872CB-8FA0-47E0-A35B-EDA2429BC4BC}.Debug|Any CPU.Build.0 = Debug|Any CPU
		{154872CB-8FA0-47E0-A35B-EDA2429BC4BC}.Release|Any CPU.ActiveCfg = Release|Any CPU
		{154872CB-8FA0-47E0-A35B-EDA2429BC4BC}.Release|Any CPU.Build.0 = Release|Any CPU
	EndGlobalSection
	GlobalSection(SolutionProperties) = preSolution
		HideSolutionNode = FALSE
	EndGlobalSection
	GlobalSection(ExtensibilityGlobals) = postSolution
		SolutionGuid = {07A5291F-532C-4890-A7A6-89793CDA600E}
	EndGlobalSection
EndGlobal
